// !$*UTF8*$!
{
	archiveVersion = 1;
	classes = {
	};
	objectVersion = 55;
	objects = {

/* Begin PBXBuildFile section */
		1AE6377F2D410B6200B6C405 /* AppDelegate.swift in Sources */ = {isa = PBXBuildFile; fileRef = 1AE6377E2D410B6200B6C405 /* AppDelegate.swift */; };
		1AE637812D410B6200B6C405 /* SceneDelegate.swift in Sources */ = {isa = PBXBuildFile; fileRef = 1AE637802D410B6200B6C405 /* SceneDelegate.swift */; };
		1AE637832D410B6200B6C405 /* ViewController.swift in Sources */ = {isa = PBXBuildFile; fileRef = 1AE637822D410B6200B6C405 /* ViewController.swift */; };
		1AE637862D410B6200B6C405 /* Main.storyboard in Resources */ = {isa = PBXBuildFile; fileRef = 1AE637842D410B6200B6C405 /* Main.storyboard */; };
		1AE637882D410B6800B6C405 /* Assets.xcassets in Resources */ = {isa = PBXBuildFile; fileRef = 1AE637872D410B6800B6C405 /* Assets.xcassets */; };
		1AE6378B2D410B6800B6C405 /* LaunchScreen.storyboard in Resources */ = {isa = PBXBuildFile; fileRef = 1AE637892D410B6800B6C405 /* LaunchScreen.storyboard */; };
		1AE637962D410B6900B6C405 /* cherryTests.swift in Sources */ = {isa = PBXBuildFile; fileRef = 1AE637952D410B6900B6C405 /* cherryTests.swift */; };
		1AE637A02D410B6900B6C405 /* cherryUITests.swift in Sources */ = {isa = PBXBuildFile; fileRef = 1AE6379F2D410B6900B6C405 /* cherryUITests.swift */; };
		1AE637A22D410B6900B6C405 /* cherryUITestsLaunchTests.swift in Sources */ = {isa = PBXBuildFile; fileRef = 1AE637A12D410B6900B6C405 /* cherryUITestsLaunchTests.swift */; };
/* End PBXBuildFile section */

/* Begin PBXContainerItemProxy section */
		1AE637922D410B6900B6C405 /* PBXContainerItemProxy */ = {
			isa = PBXContainerItemProxy;
			containerPortal = 1AE637732D410B6100B6C405 /* Project object */;
			proxyType = 1;
			remoteGlobalIDString = 1AE6377A2D410B6200B6C405;
			remoteInfo = cherry;
		};
		1AE6379C2D410B6900B6C405 /* PBXContainerItemProxy */ = {
			isa = PBXContainerItemProxy;
			containerPortal = 1AE637732D410B6100B6C405 /* Project object */;
			proxyType = 1;
			remoteGlobalIDString = 1AE6377A2D410B6200B6C405;
			remoteInfo = cherry;
		};
/* End PBXContainerItemProxy section */

/* Begin PBXFileReference section */
		1AE6377B2D410B6200B6C405 /* cherry.app */ = {isa = PBXFileReference; explicitFileType = wrapper.application; includeInIndex = 0; path = cherry.app; sourceTree = BUILT_PRODUCTS_DIR; };
		1AE6377E2D410B6200B6C405 /* AppDelegate.swift */ = {isa = PBXFileReference; lastKnownFileType = sourcecode.swift; path = AppDelegate.swift; sourceTree = "<group>"; };
		1AE637802D410B6200B6C405 /* SceneDelegate.swift */ = {isa = PBXFileReference; lastKnownFileType = sourcecode.swift; path = SceneDelegate.swift; sourceTree = "<group>"; };
		1AE637822D410B6200B6C405 /* ViewController.swift */ = {isa = PBXFileReference; lastKnownFileType = sourcecode.swift; path = ViewController.swift; sourceTree = "<group>"; };
		1AE637852D410B6200B6C405 /* Base */ = {isa = PBXFileReference; lastKnownFileType = file.storyboard; name = Base; path = Base.lproj/Main.storyboard; sourceTree = "<group>"; };
		1AE637872D410B6800B6C405 /* Assets.xcassets */ = {isa = PBXFileReference; lastKnownFileType = folder.assetcatalog; path = Assets.xcassets; sourceTree = "<group>"; };
		1AE6378A2D410B6800B6C405 /* Base */ = {isa = PBXFileReference; lastKnownFileType = file.storyboard; name = Base; path = Base.lproj/LaunchScreen.storyboard; sourceTree = "<group>"; };
		1AE6378C2D410B6800B6C405 /* Info.plist */ = {isa = PBXFileReference; lastKnownFileType = text.plist.xml; path = Info.plist; sourceTree = "<group>"; };
		1AE637912D410B6900B6C405 /* cherryTests.xctest */ = {isa = PBXFileReference; explicitFileType = wrapper.cfbundle; includeInIndex = 0; path = cherryTests.xctest; sourceTree = BUILT_PRODUCTS_DIR; };
		1AE637952D410B6900B6C405 /* cherryTests.swift */ = {isa = PBXFileReference; lastKnownFileType = sourcecode.swift; path = cherryTests.swift; sourceTree = "<group>"; };
		1AE6379B2D410B6900B6C405 /* cherryUITests.xctest */ = {isa = PBXFileReference; explicitFileType = wrapper.cfbundle; includeInIndex = 0; path = cherryUITests.xctest; sourceTree = BUILT_PRODUCTS_DIR; };
		1AE6379F2D410B6900B6C405 /* cherryUITests.swift */ = {isa = PBXFileReference; lastKnownFileType = sourcecode.swift; path = cherryUITests.swift; sourceTree = "<group>"; };
		1AE637A12D410B6900B6C405 /* cherryUITestsLaunchTests.swift */ = {isa = PBXFileReference; lastKnownFileType = sourcecode.swift; path = cherryUITestsLaunchTests.swift; sourceTree = "<group>"; };
/* End PBXFileReference section */

/* Begin PBXFrameworksBuildPhase section */
		1AE637782D410B6200B6C405 /* Frameworks */ = {
			isa = PBXFrameworksBuildPhase;
			buildActionMask = 2147483647;
			files = (
			);
			runOnlyForDeploymentPostprocessing = 0;
		};
		1AE6378E2D410B6900B6C405 /* Frameworks */ = {
			isa = PBXFrameworksBuildPhase;
			buildActionMask = 2147483647;
			files = (
			);
			runOnlyForDeploymentPostprocessing = 0;
		};
		1AE637982D410B6900B6C405 /* Frameworks */ = {
			isa = PBXFrameworksBuildPhase;
			buildActionMask = 2147483647;
			files = (
			);
			runOnlyForDeploymentPostprocessing = 0;
		};
/* End PBXFrameworksBuildPhase section */

/* Begin PBXGroup section */
		1AE637722D410B6100B6C405 = {
			isa = PBXGroup;
			children = (
				1AE6377D2D410B6200B6C405 /* cherry */,
				1AE637942D410B6900B6C405 /* cherryTests */,
				1AE6379E2D410B6900B6C405 /* cherryUITests */,
				1AE6377C2D410B6200B6C405 /* Products */,
			);
			sourceTree = "<group>";
		};
		1AE6377C2D410B6200B6C405 /* Products */ = {
			isa = PBXGroup;
			children = (
				1AE6377B2D410B6200B6C405 /* cherry.app */,
				1AE637912D410B6900B6C405 /* cherryTests.xctest */,
				1AE6379B2D410B6900B6C405 /* cherryUITests.xctest */,
			);
			name = Products;
			sourceTree = "<group>";
		};
		1AE6377D2D410B6200B6C405 /* cherry */ = {
			isa = PBXGroup;
			children = (
				1AE6377E2D410B6200B6C405 /* AppDelegate.swift */,
				1AE637802D410B6200B6C405 /* SceneDelegate.swift */,
				1AE637822D410B6200B6C405 /* ViewController.swift */,
				1AE637842D410B6200B6C405 /* Main.storyboard */,
				1AE637872D410B6800B6C405 /* Assets.xcassets */,
				1AE637892D410B6800B6C405 /* LaunchScreen.storyboard */,
				1AE6378C2D410B6800B6C405 /* Info.plist */,
			);
			path = cherry;
			sourceTree = "<group>";
		};
		1AE637942D410B6900B6C405 /* cherryTests */ = {
			isa = PBXGroup;
			children = (
				1AE637952D410B6900B6C405 /* cherryTests.swift */,
			);
			path = cherryTests;
			sourceTree = "<group>";
		};
		1AE6379E2D410B6900B6C405 /* cherryUITests */ = {
			isa = PBXGroup;
			children = (
				1AE6379F2D410B6900B6C405 /* cherryUITests.swift */,
				1AE637A12D410B6900B6C405 /* cherryUITestsLaunchTests.swift */,
			);
			path = cherryUITests;
			sourceTree = "<group>";
		};
/* End PBXGroup section */

/* Begin PBXNativeTarget section */
		1AE6377A2D410B6200B6C405 /* cherry */ = {
			isa = PBXNativeTarget;
			buildConfigurationList = 1AE637A52D410B6900B6C405 /* Build configuration list for PBXNativeTarget "cherry" */;
			buildPhases = (
				1AE637772D410B6200B6C405 /* Sources */,
				1AE637782D410B6200B6C405 /* Frameworks */,
				1AE637792D410B6200B6C405 /* Resources */,
			);
			buildRules = (
			);
			dependencies = (
			);
			name = cherry;
			productName = cherry;
			productReference = 1AE6377B2D410B6200B6C405 /* cherry.app */;
			productType = "com.apple.product-type.application";
		};
		1AE637902D410B6900B6C405 /* cherryTests */ = {
			isa = PBXNativeTarget;
			buildConfigurationList = 1AE637A82D410B6900B6C405 /* Build configuration list for PBXNativeTarget "cherryTests" */;
			buildPhases = (
				1AE6378D2D410B6900B6C405 /* Sources */,
				1AE6378E2D410B6900B6C405 /* Frameworks */,
				1AE6378F2D410B6900B6C405 /* Resources */,
			);
			buildRules = (
			);
			dependencies = (
				1AE637932D410B6900B6C405 /* PBXTargetDependency */,
			);
			name = cherryTests;
			productName = cherryTests;
			productReference = 1AE637912D410B6900B6C405 /* cherryTests.xctest */;
			productType = "com.apple.product-type.bundle.unit-test";
		};
		1AE6379A2D410B6900B6C405 /* cherryUITests */ = {
			isa = PBXNativeTarget;
			buildConfigurationList = 1AE637AB2D410B6900B6C405 /* Build configuration list for PBXNativeTarget "cherryUITests" */;
			buildPhases = (
				1AE637972D410B6900B6C405 /* Sources */,
				1AE637982D410B6900B6C405 /* Frameworks */,
				1AE637992D410B6900B6C405 /* Resources */,
			);
			buildRules = (
			);
			dependencies = (
				1AE6379D2D410B6900B6C405 /* PBXTargetDependency */,
			);
			name = cherryUITests;
			productName = cherryUITests;
			productReference = 1AE6379B2D410B6900B6C405 /* cherryUITests.xctest */;
			productType = "com.apple.product-type.bundle.ui-testing";
		};
/* End PBXNativeTarget section */

/* Begin PBXProject section */
		1AE637732D410B6100B6C405 /* Project object */ = {
			isa = PBXProject;
			attributes = {
				BuildIndependentTargetsInParallel = 1;
				LastSwiftUpdateCheck = 1320;
				LastUpgradeCheck = 1320;
				TargetAttributes = {
					1AE6377A2D410B6200B6C405 = {
						CreatedOnToolsVersion = 13.2.1;
					};
					1AE637902D410B6900B6C405 = {
						CreatedOnToolsVersion = 13.2.1;
						TestTargetID = 1AE6377A2D410B6200B6C405;
					};
					1AE6379A2D410B6900B6C405 = {
						CreatedOnToolsVersion = 13.2.1;
						TestTargetID = 1AE6377A2D410B6200B6C405;
					};
				};
			};
			buildConfigurationList = 1AE637762D410B6200B6C405 /* Build configuration list for PBXProject "cherry" */;
			compatibilityVersion = "Xcode 13.0";
			developmentRegion = en;
			hasScannedForEncodings = 0;
			knownRegions = (
				en,
				Base,
			);
			mainGroup = 1AE637722D410B6100B6C405;
			productRefGroup = 1AE6377C2D410B6200B6C405 /* Products */;
			projectDirPath = "";
			projectRoot = "";
			targets = (
				1AE6377A2D410B6200B6C405 /* cherry */,
				1AE637902D410B6900B6C405 /* cherryTests */,
				1AE6379A2D410B6900B6C405 /* cherryUITests */,
			);
		};
/* End PBXProject section */

/* Begin PBXResourcesBuildPhase section */
		1AE637792D410B6200B6C405 /* Resources */ = {
			isa = PBXResourcesBuildPhase;
			buildActionMask = 2147483647;
			files = (
				1AE6378B2D410B6800B6C405 /* LaunchScreen.storyboard in Resources */,
				1AE637882D410B6800B6C405 /* Assets.xcassets in Resources */,
				1AE637862D410B6200B6C405 /* Main.storyboard in Resources */,
			);
			runOnlyForDeploymentPostprocessing = 0;
		};
		1AE6378F2D410B6900B6C405 /* Resources */ = {
			isa = PBXResourcesBuildPhase;
			buildActionMask = 2147483647;
			files = (
			);
			runOnlyForDeploymentPostprocessing = 0;
		};
		1AE637992D410B6900B6C405 /* Resources */ = {
			isa = PBXResourcesBuildPhase;
			buildActionMask = 2147483647;
			files = (
			);
			runOnlyForDeploymentPostprocessing = 0;
		};
/* End PBXResourcesBuildPhase section */

/* Begin PBXSourcesBuildPhase section */
		1AE637772D410B6200B6C405 /* Sources */ = {
			isa = PBXSourcesBuildPhase;
			buildActionMask = 2147483647;
			files = (
				1AE637832D410B6200B6C405 /* ViewController.swift in Sources */,
				1AE6377F2D410B6200B6C405 /* AppDelegate.swift in Sources */,
				1AE637812D410B6200B6C405 /* SceneDelegate.swift in Sources */,
			);
			runOnlyForDeploymentPostprocessing = 0;
		};
		1AE6378D2D410B6900B6C405 /* Sources */ = {
			isa = PBXSourcesBuildPhase;
			buildActionMask = 2147483647;
			files = (
				1AE637962D410B6900B6C405 /* cherryTests.swift in Sources */,
			);
			runOnlyForDeploymentPostprocessing = 0;
		};
		1AE637972D410B6900B6C405 /* Sources */ = {
			isa = PBXSourcesBuildPhase;
			buildActionMask = 2147483647;
			files = (
				1AE637A02D410B6900B6C405 /* cherryUITests.swift in Sources */,
				1AE637A22D410B6900B6C405 /* cherryUITestsLaunchTests.swift in Sources */,
			);
			runOnlyForDeploymentPostprocessing = 0;
		};
/* End PBXSourcesBuildPhase section */

/* Begin PBXTargetDependency section */
		1AE637932D410B6900B6C405 /* PBXTargetDependency */ = {
			isa = PBXTargetDependency;
			target = 1AE6377A2D410B6200B6C405 /* cherry */;
			targetProxy = 1AE637922D410B6900B6C405 /* PBXContainerItemProxy */;
		};
		1AE6379D2D410B6900B6C405 /* PBXTargetDependency */ = {
			isa = PBXTargetDependency;
			target = 1AE6377A2D410B6200B6C405 /* cherry */;
			targetProxy = 1AE6379C2D410B6900B6C405 /* PBXContainerItemProxy */;
		};
/* End PBXTargetDependency section */

/* Begin PBXVariantGroup section */
		1AE637842D410B6200B6C405 /* Main.storyboard */ = {
			isa = PBXVariantGroup;
			children = (
				1AE637852D410B6200B6C405 /* Base */,
			);
			name = Main.storyboard;
			sourceTree = "<group>";
		};
		1AE637892D410B6800B6C405 /* LaunchScreen.storyboard */ = {
			isa = PBXVariantGroup;
			children = (
				1AE6378A2D410B6800B6C405 /* Base */,
			);
			name = LaunchScreen.storyboard;
			sourceTree = "<group>";
		};
/* End PBXVariantGroup section */

/* Begin XCBuildConfiguration section */
		1AE637A32D410B6900B6C405 /* Debug */ = {
			isa = XCBuildConfiguration;
			buildSettings = {
				ALWAYS_SEARCH_USER_PATHS = NO;
				CLANG_ANALYZER_NONNULL = YES;
				CLANG_ANALYZER_NUMBER_OBJECT_CONVERSION = YES_AGGRESSIVE;
				CLANG_CXX_LANGUAGE_STANDARD = "gnu++17";
				CLANG_CXX_LIBRARY = "libc++";
				CLANG_ENABLE_MODULES = YES;
				CLANG_ENABLE_OBJC_ARC = YES;
				CLANG_ENABLE_OBJC_WEAK = YES;
				CLANG_WARN_BLOCK_CAPTURE_AUTORELEASING = YES;
				CLANG_WARN_BOOL_CONVERSION = YES;
				CLANG_WARN_COMMA = YES;
				CLANG_WARN_CONSTANT_CONVERSION = YES;
				CLANG_WARN_DEPRECATED_OBJC_IMPLEMENTATIONS = YES;
				CLANG_WARN_DIRECT_OBJC_ISA_USAGE = YES_ERROR;
				CLANG_WARN_DOCUMENTATION_COMMENTS = YES;
				CLANG_WARN_EMPTY_BODY = YES;
				CLANG_WARN_ENUM_CONVERSION = YES;
				CLANG_WARN_INFINITE_RECURSION = YES;
				CLANG_WARN_INT_CONVERSION = YES;
				CLANG_WARN_NON_LITERAL_NULL_CONVERSION = YES;
				CLANG_WARN_OBJC_IMPLICIT_RETAIN_SELF = YES;
				CLANG_WARN_OBJC_LITERAL_CONVERSION = YES;
				CLANG_WARN_OBJC_ROOT_CLASS = YES_ERROR;
				CLANG_WARN_QUOTED_INCLUDE_IN_FRAMEWORK_HEADER = YES;
				CLANG_WARN_RANGE_LOOP_ANALYSIS = YES;
				CLANG_WARN_STRICT_PROTOTYPES = YES;
				CLANG_WARN_SUSPICIOUS_MOVE = YES;
				CLANG_WARN_UNGUARDED_AVAILABILITY = YES_AGGRESSIVE;
				CLANG_WARN_UNREACHABLE_CODE = YES;
				CLANG_WARN__DUPLICATE_METHOD_MATCH = YES;
				COPY_PHASE_STRIP = NO;
				DEBUG_INFORMATION_FORMAT = dwarf;
				ENABLE_STRICT_OBJC_MSGSEND = YES;
				ENABLE_TESTABILITY = YES;
				GCC_C_LANGUAGE_STANDARD = gnu11;
				GCC_DYNAMIC_NO_PIC = NO;
				GCC_NO_COMMON_BLOCKS = YES;
				GCC_OPTIMIZATION_LEVEL = 0;
				GCC_PREPROCESSOR_DEFINITIONS = (
					"DEBUG=1",
					"$(inherited)",
				);
				GCC_WARN_64_TO_32_BIT_CONVERSION = YES;
				GCC_WARN_ABOUT_RETURN_TYPE = YES_ERROR;
				GCC_WARN_UNDECLARED_SELECTOR = YES;
				GCC_WARN_UNINITIALIZED_AUTOS = YES_AGGRESSIVE;
				GCC_WARN_UNUSED_FUNCTION = YES;
				GCC_WARN_UNUSED_VARIABLE = YES;
				IPHONEOS_DEPLOYMENT_TARGET = 15.2;
				MTL_ENABLE_DEBUG_INFO = INCLUDE_SOURCE;
				MTL_FAST_MATH = YES;
				ONLY_ACTIVE_ARCH = YES;
				SDKROOT = iphoneos;
				SWIFT_ACTIVE_COMPILATION_CONDITIONS = DEBUG;
				SWIFT_OPTIMIZATION_LEVEL = "-Onone";
			};
			name = Debug;
		};
		1AE637A42D410B6900B6C405 /* Release */ = {
			isa = XCBuildConfiguration;
			buildSettings = {
				ALWAYS_SEARCH_USER_PATHS = NO;
				CLANG_ANALYZER_NONNULL = YES;
				CLANG_ANALYZER_NUMBER_OBJECT_CONVERSION = YES_AGGRESSIVE;
				CLANG_CXX_LANGUAGE_STANDARD = "gnu++17";
				CLANG_CXX_LIBRARY = "libc++";
				CLANG_ENABLE_MODULES = YES;
				CLANG_ENABLE_OBJC_ARC = YES;
				CLANG_ENABLE_OBJC_WEAK = YES;
				CLANG_WARN_BLOCK_CAPTURE_AUTORELEASING = YES;
				CLANG_WARN_BOOL_CONVERSION = YES;
				CLANG_WARN_COMMA = YES;
				CLANG_WARN_CONSTANT_CONVERSION = YES;
				CLANG_WARN_DEPRECATED_OBJC_IMPLEMENTATIONS = YES;
				CLANG_WARN_DIRECT_OBJC_ISA_USAGE = YES_ERROR;
				CLANG_WARN_DOCUMENTATION_COMMENTS = YES;
				CLANG_WARN_EMPTY_BODY = YES;
				CLANG_WARN_ENUM_CONVERSION = YES;
				CLANG_WARN_INFINITE_RECURSION = YES;
				CLANG_WARN_INT_CONVERSION = YES;
				CLANG_WARN_NON_LITERAL_NULL_CONVERSION = YES;
				CLANG_WARN_OBJC_IMPLICIT_RETAIN_SELF = YES;
				CLANG_WARN_OBJC_LITERAL_CONVERSION = YES;
				CLANG_WARN_OBJC_ROOT_CLASS = YES_ERROR;
				CLANG_WARN_QUOTED_INCLUDE_IN_FRAMEWORK_HEADER = YES;
				CLANG_WARN_RANGE_LOOP_ANALYSIS = YES;
				CLANG_WARN_STRICT_PROTOTYPES = YES;
				CLANG_WARN_SUSPICIOUS_MOVE = YES;
				CLANG_WARN_UNGUARDED_AVAILABILITY = YES_AGGRESSIVE;
				CLANG_WARN_UNREACHABLE_CODE = YES;
				CLANG_WARN__DUPLICATE_METHOD_MATCH = YES;
				COPY_PHASE_STRIP = NO;
				DEBUG_INFORMATION_FORMAT = "dwarf-with-dsym";
				ENABLE_NS_ASSERTIONS = NO;
				ENABLE_STRICT_OBJC_MSGSEND = YES;
				GCC_C_LANGUAGE_STANDARD = gnu11;
				GCC_NO_COMMON_BLOCKS = YES;
				GCC_WARN_64_TO_32_BIT_CONVERSION = YES;
				GCC_WARN_ABOUT_RETURN_TYPE = YES_ERROR;
				GCC_WARN_UNDECLARED_SELECTOR = YES;
				GCC_WARN_UNINITIALIZED_AUTOS = YES_AGGRESSIVE;
				GCC_WARN_UNUSED_FUNCTION = YES;
				GCC_WARN_UNUSED_VARIABLE = YES;
				IPHONEOS_DEPLOYMENT_TARGET = 15.2;
				MTL_ENABLE_DEBUG_INFO = NO;
				MTL_FAST_MATH = YES;
				SDKROOT = iphoneos;
				SWIFT_COMPILATION_MODE = wholemodule;
				SWIFT_OPTIMIZATION_LEVEL = "-O";
				VALIDATE_PRODUCT = YES;
			};
			name = Release;
		};
		1AE637A62D410B6900B6C405 /* Debug */ = {
			isa = XCBuildConfiguration;
			buildSettings = {
				ASSETCATALOG_COMPILER_APPICON_NAME = AppIcon;
				ASSETCATALOG_COMPILER_GLOBAL_ACCENT_COLOR_NAME = AccentColor;
				CODE_SIGN_STYLE = Automatic;
				CURRENT_PROJECT_VERSION = 1;
				DEVELOPMENT_TEAM = XG7P44N5HV;
				GENERATE_INFOPLIST_FILE = YES;
				INFOPLIST_FILE = cherry/Info.plist;
				INFOPLIST_KEY_UIApplicationSupportsIndirectInputEvents = YES;
				INFOPLIST_KEY_UILaunchStoryboardName = LaunchScreen;
				INFOPLIST_KEY_UIMainStoryboardFile = Main;
				INFOPLIST_KEY_UISupportedInterfaceOrientations_iPad = "UIInterfaceOrientationPortrait UIInterfaceOrientationPortraitUpsideDown UIInterfaceOrientationLandscapeLeft UIInterfaceOrientationLandscapeRight";
				INFOPLIST_KEY_UISupportedInterfaceOrientations_iPhone = "UIInterfaceOrientationPortrait UIInterfaceOrientationLandscapeLeft UIInterfaceOrientationLandscapeRight";
				LD_RUNPATH_SEARCH_PATHS = (
					"$(inherited)",
					"@executable_path/Frameworks",
				);
				MARKETING_VERSION = 1.0;
				PRODUCT_BUNDLE_IDENTIFIER = breezy.cherry;
				PRODUCT_NAME = "$(TARGET_NAME)";
				SWIFT_EMIT_LOC_STRINGS = YES;
				SWIFT_VERSION = 5.0;
				TARGETED_DEVICE_FAMILY = "1,2";
			};
			name = Debug;
		};
		1AE637A72D410B6900B6C405 /* Release */ = {
			isa = XCBuildConfiguration;
			buildSettings = {
				ASSETCATALOG_COMPILER_APPICON_NAME = AppIcon;
				ASSETCATALOG_COMPILER_GLOBAL_ACCENT_COLOR_NAME = AccentColor;
				CODE_SIGN_STYLE = Automatic;
				CURRENT_PROJECT_VERSION = 1;
				DEVELOPMENT_TEAM = XG7P44N5HV;
				GENERATE_INFOPLIST_FILE = YES;
				INFOPLIST_FILE = cherry/Info.plist;
				INFOPLIST_KEY_UIApplicationSupportsIndirectInputEvents = YES;
				INFOPLIST_KEY_UILaunchStoryboardName = LaunchScreen;
				INFOPLIST_KEY_UIMainStoryboardFile = Main;
				INFOPLIST_KEY_UISupportedInterfaceOrientations_iPad = "UIInterfaceOrientationPortrait UIInterfaceOrientationPortraitUpsideDown UIInterfaceOrientationLandscapeLeft UIInterfaceOrientationLandscapeRight";
				INFOPLIST_KEY_UISupportedInterfaceOrientations_iPhone = "UIInterfaceOrientationPortrait UIInterfaceOrientationLandscapeLeft UIInterfaceOrientationLandscapeRight";
				LD_RUNPATH_SEARCH_PATHS = (
					"$(inherited)",
					"@executable_path/Frameworks",
				);
				MARKETING_VERSION = 1.0;
				PRODUCT_BUNDLE_IDENTIFIER = breezy.cherry;
				PRODUCT_NAME = "$(TARGET_NAME)";
				SWIFT_EMIT_LOC_STRINGS = YES;
				SWIFT_VERSION = 5.0;
				TARGETED_DEVICE_FAMILY = "1,2";
			};
			name = Release;
		};
		1AE637A92D410B6900B6C405 /* Debug */ = {
			isa = XCBuildConfiguration;
			buildSettings = {
				ALWAYS_EMBED_SWIFT_STANDARD_LIBRARIES = YES;
				BUNDLE_LOADER = "$(TEST_HOST)";
				CODE_SIGN_STYLE = Automatic;
				CURRENT_PROJECT_VERSION = 1;
				DEVELOPMENT_TEAM = XG7P44N5HV;
				GENERATE_INFOPLIST_FILE = YES;
				IPHONEOS_DEPLOYMENT_TARGET = 15.2;
				MARKETING_VERSION = 1.0;
				PRODUCT_BUNDLE_IDENTIFIER = breezy.cherryTests;
				PRODUCT_NAME = "$(TARGET_NAME)";
				SWIFT_EMIT_LOC_STRINGS = NO;
				SWIFT_VERSION = 5.0;
				TARGETED_DEVICE_FAMILY = "1,2";
				TEST_HOST = "$(BUILT_PRODUCTS_DIR)/cherry.app/cherry";
			};
			name = Debug;
		};
		1AE637AA2D410B6900B6C405 /* Release */ = {
			isa = XCBuildConfiguration;
			buildSettings = {
				ALWAYS_EMBED_SWIFT_STANDARD_LIBRARIES = YES;
				BUNDLE_LOADER = "$(TEST_HOST)";
				CODE_SIGN_STYLE = Automatic;
				CURRENT_PROJECT_VERSION = 1;
				DEVELOPMENT_TEAM = XG7P44N5HV;
				GENERATE_INFOPLIST_FILE = YES;
				IPHONEOS_DEPLOYMENT_TARGET = 15.2;
				MARKETING_VERSION = 1.0;
				PRODUCT_BUNDLE_IDENTIFIER = breezy.cherryTests;
				PRODUCT_NAME = "$(TARGET_NAME)";
				SWIFT_EMIT_LOC_STRINGS = NO;
				SWIFT_VERSION = 5.0;
				TARGETED_DEVICE_FAMILY = "1,2";
				TEST_HOST = "$(BUILT_PRODUCTS_DIR)/cherry.app/cherry";
			};
			name = Release;
		};
		1AE637AC2D410B6900B6C405 /* Debug */ = {
			isa = XCBuildConfiguration;
			buildSettings = {
				ALWAYS_EMBED_SWIFT_STANDARD_LIBRARIES = YES;
				CODE_SIGN_STYLE = Automatic;
				CURRENT_PROJECT_VERSION = 1;
				DEVELOPMENT_TEAM = XG7P44N5HV;
				GENERATE_INFOPLIST_FILE = YES;
				MARKETING_VERSION = 1.0;
				PRODUCT_BUNDLE_IDENTIFIER = breezy.cherryUITests;
				PRODUCT_NAME = "$(TARGET_NAME)";
				SWIFT_EMIT_LOC_STRINGS = NO;
				SWIFT_VERSION = 5.0;
				TARGETED_DEVICE_FAMILY = "1,2";
				TEST_TARGET_NAME = cherry;
			};
			name = Debug;
		};
		1AE637AD2D410B6900B6C405 /* Release */ = {
			isa = XCBuildConfiguration;
			buildSettings = {
				ALWAYS_EMBED_SWIFT_STANDARD_LIBRARIES = YES;
				CODE_SIGN_STYLE = Automatic;
				CURRENT_PROJECT_VERSION = 1;
				DEVELOPMENT_TEAM = XG7P44N5HV;
				GENERATE_INFOPLIST_FILE = YES;
				MARKETING_VERSION = 1.0;
				PRODUCT_BUNDLE_IDENTIFIER = breezy.cherryUITests;
				PRODUCT_NAME = "$(TARGET_NAME)";
				SWIFT_EMIT_LOC_STRINGS = NO;
				SWIFT_VERSION = 5.0;
				TARGETED_DEVICE_FAMILY = "1,2";
				TEST_TARGET_NAME = cherry;
			};
			name = Release;
		};
/* End XCBuildConfiguration section */

/* Begin XCConfigurationList section */
		1AE637762D410B6200B6C405 /* Build configuration list for PBXProject "cherry" */ = {
			isa = XCConfigurationList;
			buildConfigurations = (
				1AE637A32D410B6900B6C405 /* Debug */,
				1AE637A42D410B6900B6C405 /* Release */,
			);
			defaultConfigurationIsVisible = 0;
			defaultConfigurationName = Release;
		};
		1AE637A52D410B6900B6C405 /* Build configuration list for PBXNativeTarget "cherry" */ = {
			isa = XCConfigurationList;
			buildConfigurations = (
				1AE637A62D410B6900B6C405 /* Debug */,
				1AE637A72D410B6900B6C405 /* Release */,
			);
			defaultConfigurationIsVisible = 0;
			defaultConfigurationName = Release;
		};
		1AE637A82D410B6900B6C405 /* Build configuration list for PBXNativeTarget "cherryTests" */ = {
			isa = XCConfigurationList;
			buildConfigurations = (
				1AE637A92D410B6900B6C405 /* Debug */,
				1AE637AA2D410B6900B6C405 /* Release */,
			);
			defaultConfigurationIsVisible = 0;
			defaultConfigurationName = Release;
		};
		1AE637AB2D410B6900B6C405 /* Build configuration list for PBXNativeTarget "cherryUITests" */ = {
			isa = XCConfigurationList;
			buildConfigurations = (
				1AE637AC2D410B6900B6C405 /* Debug */,
				1AE637AD2D410B6900B6C405 /* Release */,
			);
			defaultConfigurationIsVisible = 0;
			defaultConfigurationName = Release;
		};
/* End XCConfigurationList section */
	};
	rootObject = 1AE637732D410B6100B6C405 /* Project object */;
}
